
Microsoft Visual Studio Solution File, Format Version 12.00
# Visual Studio Version 16
VisualStudioVersion = 16.0.31229.75
MinimumVisualStudioVersion = 10.0.40219.1
Project("{8BC9CEB8-8B4A-11D0-8D11-00A0C91BC942}") = "StuManageSystem", "StuManageSystem.vcxproj", "{D5C86973-EB18-4B81-9721-AB2EC50ECB1F}"
EndProject
Global
	GlobalSection(SolutionConfigurationPlatforms) = preSolution
		Debug|x64 = Debug|x64
		Debug|x86 = Debug|x86
		Release|x64 = Release|x64
		Release|x86 = Release|x86
	EndGlobalSection
	GlobalSection(ProjectConfigurationPlatforms) = postSolution
		{D5C86973-EB18-4B81-9721-AB2EC50ECB1F}.Debug|x64.ActiveCfg = Debug|x64
		{D5C86973-EB18-4B81-9721-AB2EC50ECB1F}.Debug|x64.Build.0 = Debug|x64
		{D5C86973-EB18-4B81-9721-AB2EC50ECB1F}.Debug|x86.ActiveCfg = Debug|Win32
		{D5C86973-EB18-4B81-9721-AB2EC50ECB1F}.Debug|x86.Build.0 = Debug|Win32
		{D5C86973-EB18-4B81-9721-AB2EC50ECB1F}.Release|x64.ActiveCfg = Release|x64
		{D5C86973-EB18-4B81-9721-AB2EC50ECB1F}.Release|x64.Build.0 = Release|x64
		{D5C86973-EB18-4B81-9721-AB2EC50ECB1F}.Release|x86.ActiveCfg = Release|Win32
		{D5C86973-EB18-4B81-9721-AB2EC50ECB1F}.Release|x86.Build.0 = Release|Win32
	EndGlobalSection
	GlobalSection(SolutionProperties) = preSolution
		HideSolutionNode = FALSE
	EndGlobalSection
	GlobalSection(ExtensibilityGlobals) = postSolution
		SolutionGuid = {0786B8CE-E9C6-4EF1-84E0-4E1234CB92B0}
	EndGlobalSection
EndGlobal
